{
  "nodes": {
    "circt-src": {
      "flake": false,
      "locked": {
        "lastModified": 1770882905,
        "narHash": "sha256-uZM30hkDyGz/WqOLeIH+HfxpokzJN4uXJXDQ31oTlps=",
        "owner": "llvm",
        "repo": "circt",
        "rev": "dd06fa03363f9230fc74e831e04d8cbbfa2adf15",
        "type": "github"
      },
      "original": {
        "owner": "llvm",
        "repo": "circt",
        "type": "github"
      }
    },
    "flake-compat": {
      "flake": false,
      "locked": {
        "lastModified": 1767039857,
        "narHash": "sha256-vNpUSpF5Nuw8xvDLj2KCwwksIbjua2LZCqhV1LNRDns=",
        "owner": "edolstra",
        "repo": "flake-compat",
        "rev": "5edf11c44bc78a0d334f6334cdaf7d60d732daab",
        "type": "github"
      },
      "original": {
        "owner": "edolstra",
        "repo": "flake-compat",
        "type": "github"
      }
    },
    "flake-utils": {
      "inputs": {
        "systems": "systems"
      },
      "locked": {
        "lastModified": 1731533236,
        "narHash": "sha256-l0KFg5HjrsfsO/JpG+r7fRrqm12kzFHyUHqHCVpMMbI=",
        "owner": "numtide",
        "repo": "flake-utils",
        "rev": "11707dc2f618dd54ca8739b309ec4fc024de578b",
        "type": "github"
      },
      "original": {
        "owner": "numtide",
        "repo": "flake-utils",
        "type": "github"
      }
    },
    "llvm-submodule-src": {
      "flake": false,
      "locked": {
        "lastModified": 1770325089,
        "narHash": "sha256-ynifeUooKPFnHY0dgPP9kJvQQXvf+DzKgR3CxL3wbKM=",
        "owner": "llvm",
        "repo": "llvm-project",
        "rev": "972cd847efb20661ea7ee8982dd19730aa040c75",
        "type": "github"
      },
      "original": {
        "owner": "llvm",
        "repo": "llvm-project",
        "rev": "972cd847efb20661ea7ee8982dd19730aa040c75",
        "type": "github"
      }
    },
    "nixpkgs": {
      "locked": {
        "lastModified": 1761582087,
        "narHash": "sha256-kDwaHNQv6lpjiJYQbW3UyzCR2AlZpY46fGecmm+jmS8=",
        "owner": "NixOS",
        "repo": "nixpkgs",
        "rev": "3b7b015de04db0849ef7b929ee5783247c07d80b",
        "type": "github"
      },
      "original": {
        "owner": "NixOS",
        "repo": "nixpkgs",
        "rev": "3b7b015de04db0849ef7b929ee5783247c07d80b",
        "type": "github"
      }
    },
    "root": {
      "inputs": {
        "circt-src": "circt-src",
        "flake-compat": "flake-compat",
        "flake-utils": "flake-utils",
        "llvm-submodule-src": "llvm-submodule-src",
        "nixpkgs": "nixpkgs",
        "slang-src": "slang-src"
      }
    },
    "slang-src": {
      "flake": false,
      "locked": {
        "lastModified": 1770844572,
        "narHash": "sha256-y4kwo7b1z31Y4x1uMOA5rlNXenHiz/LBlBtFzMvVkm8=",
        "owner": "MikePopoloski",
        "repo": "slang",
        "rev": "9ddef1d87907fbadd32a1c4a196041da1cbaf84f",
        "type": "github"
      },
      "original": {
        "owner": "MikePopoloski",
        "repo": "slang",
        "type": "github"
      }
    },
    "systems": {
      "locked": {
        "lastModified": 1681028828,
        "narHash": "sha256-Vy1rq5AaRuLzOxct8nz4T6wlgyUR7zLU309k9mBC768=",
        "owner": "nix-systems",
        "repo": "default",
        "rev": "da67096a3b9bf56a91d16901293e51ba5b49a27e",
        "type": "github"
      },
      "original": {
        "owner": "nix-systems",
        "repo": "default",
        "type": "github"
      }
    }
  },
  "root": "root",
  "version": 7
}
